// !$*UTF8*$!
{
	archiveVersion = 1;
	classes = {
	};
	objectVersion = 56;
	objects = {

/* Begin PBXBuildFile section */
		E013E1AE2A88FA2600433823 /* BrahmsGotischCyr.otf in Resources */ = {isa = PBXBuildFile; fileRef = E013E1AD2A88FA2600433823 /* BrahmsGotischCyr.otf */; };
		E022857F2A63E1CC00AAD657 /* audi.mp3 in Resources */ = {isa = PBXBuildFile; fileRef = E022857E2A63E1CC00AAD657 /* audi.mp3 */; };
		E02285812A63E4C600AAD657 /* main.mp3 in Resources */ = {isa = PBXBuildFile; fileRef = E02285802A63E4C600AAD657 /* main.mp3 */; };
		E024C9832A67167100899B2A /* FINAL.mp3 in Resources */ = {isa = PBXBuildFile; fileRef = E024C97F2A67167100899B2A /* FINAL.mp3 */; };
		E024C9842A67167100899B2A /* Hotline.mp3 in Resources */ = {isa = PBXBuildFile; fileRef = E024C9802A67167100899B2A /* Hotline.mp3 */; };
		E024C9852A67167100899B2A /* NFS.mp3 in Resources */ = {isa = PBXBuildFile; fileRef = E024C9812A67167100899B2A /* NFS.mp3 */; };
		E024C9862A67167100899B2A /* Jmurki.mp3 in Resources */ = {isa = PBXBuildFile; fileRef = E024C9822A67167100899B2A /* Jmurki.mp3 */; };
		E039861D2A5C6926007A98B1 /* SettingsManager.swift in Sources */ = {isa = PBXBuildFile; fileRef = E039861C2A5C6926007A98B1 /* SettingsManager.swift */; };
		E0508F582A6AF847005D6BEB /* StatisticsManager.swift in Sources */ = {isa = PBXBuildFile; fileRef = E0508F572A6AF847005D6BEB /* StatisticsManager.swift */; };
		E058DE6D2A76A5B500AF85CF /* ProfileViewController.swift in Sources */ = {isa = PBXBuildFile; fileRef = E058DE6C2A76A5B500AF85CF /* ProfileViewController.swift */; };
		E0783BA92A59553C002E3520 /* AppDelegate.swift in Sources */ = {isa = PBXBuildFile; fileRef = E0783BA82A59553C002E3520 /* AppDelegate.swift */; };
		E0783BAB2A59553C002E3520 /* SceneDelegate.swift in Sources */ = {isa = PBXBuildFile; fileRef = E0783BAA2A59553C002E3520 /* SceneDelegate.swift */; };
		E0783BAD2A59553C002E3520 /* MainViewController.swift in Sources */ = {isa = PBXBuildFile; fileRef = E0783BAC2A59553C002E3520 /* MainViewController.swift */; };
		E0783BB22A59553D002E3520 /* Assets.xcassets in Resources */ = {isa = PBXBuildFile; fileRef = E0783BB12A59553D002E3520 /* Assets.xcassets */; };
		E0783BB52A59553D002E3520 /* LaunchScreen.storyboard in Resources */ = {isa = PBXBuildFile; fileRef = E0783BB32A59553D002E3520 /* LaunchScreen.storyboard */; };
		E0783BBE2A595574002E3520 /* SnapKit in Frameworks */ = {isa = PBXBuildFile; productRef = E0783BBD2A595574002E3520 /* SnapKit */; };
		E0783BC42A59697B002E3520 /* StatisticsViewController.swift in Sources */ = {isa = PBXBuildFile; fileRef = E0783BC32A59697B002E3520 /* StatisticsViewController.swift */; };
		E0783BC62A5976A0002E3520 /* StatisticsCell.swift in Sources */ = {isa = PBXBuildFile; fileRef = E0783BC52A5976A0002E3520 /* StatisticsCell.swift */; };
		E0783BC92A59A5CC002E3520 /* SettingsViewController.swift in Sources */ = {isa = PBXBuildFile; fileRef = E0783BC82A59A5CC002E3520 /* SettingsViewController.swift */; };
		E0783BCB2A59B473002E3520 /* SwitchCell.swift in Sources */ = {isa = PBXBuildFile; fileRef = E0783BCA2A59B473002E3520 /* SwitchCell.swift */; };
		E094F11A2A62CE65005D860E /* GameViewController.swift in Sources */ = {isa = PBXBuildFile; fileRef = E094F1192A62CE65005D860E /* GameViewController.swift */; };
/* End PBXBuildFile section */

/* Begin PBXFileReference section */
		E013E1AD2A88FA2600433823 /* BrahmsGotischCyr.otf */ = {isa = PBXFileReference; lastKnownFileType = file; path = BrahmsGotischCyr.otf; sourceTree = "<group>"; };
		E022857E2A63E1CC00AAD657 /* audi.mp3 */ = {isa = PBXFileReference; lastKnownFileType = audio.mp3; path = audi.mp3; sourceTree = "<group>"; };
		E02285802A63E4C600AAD657 /* main.mp3 */ = {isa = PBXFileReference; lastKnownFileType = audio.mp3; path = main.mp3; sourceTree = "<group>"; };
		E02285832A63F64900AAD657 /* ru */ = {isa = PBXFileReference; lastKnownFileType = text.plist.strings; name = ru; path = ru.lproj/LaunchScreen.strings; sourceTree = "<group>"; };
		E024C97F2A67167100899B2A /* FINAL.mp3 */ = {isa = PBXFileReference; lastKnownFileType = audio.mp3; path = FINAL.mp3; sourceTree = "<group>"; };
		E024C9802A67167100899B2A /* Hotline.mp3 */ = {isa = PBXFileReference; lastKnownFileType = audio.mp3; path = Hotline.mp3; sourceTree = "<group>"; };
		E024C9812A67167100899B2A /* NFS.mp3 */ = {isa = PBXFileReference; lastKnownFileType = audio.mp3; path = NFS.mp3; sourceTree = "<group>"; };
		E024C9822A67167100899B2A /* Jmurki.mp3 */ = {isa = PBXFileReference; lastKnownFileType = audio.mp3; path = Jmurki.mp3; sourceTree = "<group>"; };
		E039861C2A5C6926007A98B1 /* SettingsManager.swift */ = {isa = PBXFileReference; lastKnownFileType = sourcecode.swift; path = SettingsManager.swift; sourceTree = "<group>"; };
		E0508F572A6AF847005D6BEB /* StatisticsManager.swift */ = {isa = PBXFileReference; lastKnownFileType = sourcecode.swift; path = StatisticsManager.swift; sourceTree = "<group>"; };
		E058DE6C2A76A5B500AF85CF /* ProfileViewController.swift */ = {isa = PBXFileReference; lastKnownFileType = sourcecode.swift; path = ProfileViewController.swift; sourceTree = "<group>"; };
		E0783BA52A59553C002E3520 /* CarGame.app */ = {isa = PBXFileReference; explicitFileType = wrapper.application; includeInIndex = 0; path = CarGame.app; sourceTree = BUILT_PRODUCTS_DIR; };
		E0783BA82A59553C002E3520 /* AppDelegate.swift */ = {isa = PBXFileReference; lastKnownFileType = sourcecode.swift; path = AppDelegate.swift; sourceTree = "<group>"; };
		E0783BAA2A59553C002E3520 /* SceneDelegate.swift */ = {isa = PBXFileReference; lastKnownFileType = sourcecode.swift; path = SceneDelegate.swift; sourceTree = "<group>"; };
		E0783BAC2A59553C002E3520 /* MainViewController.swift */ = {isa = PBXFileReference; lastKnownFileType = sourcecode.swift; path = MainViewController.swift; sourceTree = "<group>"; };
		E0783BB12A59553D002E3520 /* Assets.xcassets */ = {isa = PBXFileReference; lastKnownFileType = folder.assetcatalog; path = Assets.xcassets; sourceTree = "<group>"; };
		E0783BB42A59553D002E3520 /* Base */ = {isa = PBXFileReference; lastKnownFileType = file.storyboard; name = Base; path = Base.lproj/LaunchScreen.storyboard; sourceTree = "<group>"; };
		E0783BB62A59553D002E3520 /* Info.plist */ = {isa = PBXFileReference; lastKnownFileType = text.plist.xml; path = Info.plist; sourceTree = "<group>"; };
		E0783BC32A59697B002E3520 /* StatisticsViewController.swift */ = {isa = PBXFileReference; lastKnownFileType = sourcecode.swift; path = StatisticsViewController.swift; sourceTree = "<group>"; };
		E0783BC52A5976A0002E3520 /* StatisticsCell.swift */ = {isa = PBXFileReference; lastKnownFileType = sourcecode.swift; path = StatisticsCell.swift; sourceTree = "<group>"; };
		E0783BC82A59A5CC002E3520 /* SettingsViewController.swift */ = {isa = PBXFileReference; lastKnownFileType = sourcecode.swift; path = SettingsViewController.swift; sourceTree = "<group>"; };
		E0783BCA2A59B473002E3520 /* SwitchCell.swift */ = {isa = PBXFileReference; lastKnownFileType = sourcecode.swift; path = SwitchCell.swift; sourceTree = "<group>"; };
		E094F1192A62CE65005D860E /* GameViewController.swift */ = {isa = PBXFileReference; lastKnownFileType = sourcecode.swift; path = GameViewController.swift; sourceTree = "<group>"; };
/* End PBXFileReference section */

/* Begin PBXFrameworksBuildPhase section */
		E0783BA22A59553C002E3520 /* Frameworks */ = {
			isa = PBXFrameworksBuildPhase;
			buildActionMask = 2147483647;
			files = (
				E0783BBE2A595574002E3520 /* SnapKit in Frameworks */,
			);
			runOnlyForDeploymentPostprocessing = 0;
		};
/* End PBXFrameworksBuildPhase section */

/* Begin PBXGroup section */
		E013E1AC2A88FA1200433823 /* Font */ = {
			isa = PBXGroup;
			children = (
				E013E1AD2A88FA2600433823 /* BrahmsGotischCyr.otf */,
			);
			path = Font;
			sourceTree = "<group>";
		};
		E02285822A63E4C900AAD657 /* Music */ = {
			isa = PBXGroup;
			children = (
				E024C97F2A67167100899B2A /* FINAL.mp3 */,
				E024C9802A67167100899B2A /* Hotline.mp3 */,
				E024C9822A67167100899B2A /* Jmurki.mp3 */,
				E024C9812A67167100899B2A /* NFS.mp3 */,
				E022857E2A63E1CC00AAD657 /* audi.mp3 */,
				E02285802A63E4C600AAD657 /* main.mp3 */,
			);
			path = Music;
			sourceTree = "<group>";
		};
		E058DE6B2A76A57200AF85CF /* Profile */ = {
			isa = PBXGroup;
			children = (
				E058DE6C2A76A5B500AF85CF /* ProfileViewController.swift */,
			);
			path = Profile;
			sourceTree = "<group>";
		};
		E0783B9C2A59553C002E3520 = {
			isa = PBXGroup;
			children = (
				E0783BA72A59553C002E3520 /* CarGame */,
				E0783BA62A59553C002E3520 /* Products */,
			);
			sourceTree = "<group>";
		};
		E0783BA62A59553C002E3520 /* Products */ = {
			isa = PBXGroup;
			children = (
				E0783BA52A59553C002E3520 /* CarGame.app */,
			);
			name = Products;
			sourceTree = "<group>";
		};
		E0783BA72A59553C002E3520 /* CarGame */ = {
			isa = PBXGroup;
			children = (
				E0783BBF2A5955AC002E3520 /* App */,
				E0783BC02A5955B5002E3520 /* Main */,
				E094F1172A62CE21005D860E /* Services */,
				E0783BC12A5955BB002E3520 /* Res */,
			);
			path = CarGame;
			sourceTree = "<group>";
		};
		E0783BBF2A5955AC002E3520 /* App */ = {
			isa = PBXGroup;
			children = (
				E0783BA82A59553C002E3520 /* AppDelegate.swift */,
				E0783BAA2A59553C002E3520 /* SceneDelegate.swift */,
			);
			path = App;
			sourceTree = "<group>";
		};
		E0783BC02A5955B5002E3520 /* Main */ = {
			isa = PBXGroup;
			children = (
				E094F1182A62CE43005D860E /* Game */,
				E0783BC72A59A5AE002E3520 /* Settings */,
				E0783BC22A59695E002E3520 /* Statistics */,
				E058DE6B2A76A57200AF85CF /* Profile */,
				E0783BAC2A59553C002E3520 /* MainViewController.swift */,
			);
			path = Main;
			sourceTree = "<group>";
		};
		E0783BC12A5955BB002E3520 /* Res */ = {
			isa = PBXGroup;
			children = (
				E013E1AC2A88FA1200433823 /* Font */,
				E02285822A63E4C900AAD657 /* Music */,
				E0783BB12A59553D002E3520 /* Assets.xcassets */,
				E0783BB32A59553D002E3520 /* LaunchScreen.storyboard */,
				E0783BB62A59553D002E3520 /* Info.plist */,
			);
			path = Res;
			sourceTree = "<group>";
		};
		E0783BC22A59695E002E3520 /* Statistics */ = {
			isa = PBXGroup;
			children = (
				E0783BC32A59697B002E3520 /* StatisticsViewController.swift */,
				E0783BC52A5976A0002E3520 /* StatisticsCell.swift */,
			);
			path = Statistics;
			sourceTree = "<group>";
		};
		E0783BC72A59A5AE002E3520 /* Settings */ = {
			isa = PBXGroup;
			children = (
				E0783BC82A59A5CC002E3520 /* SettingsViewController.swift */,
				E0783BCA2A59B473002E3520 /* SwitchCell.swift */,
			);
			path = Settings;
			sourceTree = "<group>";
		};
		E094F1172A62CE21005D860E /* Services */ = {
			isa = PBXGroup;
			children = (
				E039861C2A5C6926007A98B1 /* SettingsManager.swift */,
				E0508F572A6AF847005D6BEB /* StatisticsManager.swift */,
			);
			path = Services;
			sourceTree = "<group>";
		};
		E094F1182A62CE43005D860E /* Game */ = {
			isa = PBXGroup;
			children = (
				E094F1192A62CE65005D860E /* GameViewController.swift */,
			);
			path = Game;
			sourceTree = "<group>";
		};
/* End PBXGroup section */

/* Begin PBXNativeTarget section */
		E0783BA42A59553C002E3520 /* CarGame */ = {
			isa = PBXNativeTarget;
			buildConfigurationList = E0783BB92A59553D002E3520 /* Build configuration list for PBXNativeTarget "CarGame" */;
			buildPhases = (
				E0783BA12A59553C002E3520 /* Sources */,
				E0783BA22A59553C002E3520 /* Frameworks */,
				E0783BA32A59553C002E3520 /* Resources */,
			);
			buildRules = (
			);
			dependencies = (
			);
			name = CarGame;
			packageProductDependencies = (
				E0783BBD2A595574002E3520 /* SnapKit */,
			);
			productName = CarGame;
			productReference = E0783BA52A59553C002E3520 /* CarGame.app */;
			productType = "com.apple.product-type.application";
		};
/* End PBXNativeTarget section */

/* Begin PBXProject section */
		E0783B9D2A59553C002E3520 /* Project object */ = {
			isa = PBXProject;
			attributes = {
				BuildIndependentTargetsInParallel = 1;
				LastSwiftUpdateCheck = 1430;
				LastUpgradeCheck = 1430;
				TargetAttributes = {
					E0783BA42A59553C002E3520 = {
						CreatedOnToolsVersion = 14.3;
					};
				};
			};
			buildConfigurationList = E0783BA02A59553C002E3520 /* Build configuration list for PBXProject "CarGame" */;
			compatibilityVersion = "Xcode 14.0";
			developmentRegion = ru;
			hasScannedForEncodings = 0;
			knownRegions = (
				en,
				Base,
				ru,
			);
			mainGroup = E0783B9C2A59553C002E3520;
			packageReferences = (
				E0783BBC2A595574002E3520 /* XCRemoteSwiftPackageReference "SnapKit" */,
			);
			productRefGroup = E0783BA62A59553C002E3520 /* Products */;
			projectDirPath = "";
			projectRoot = "";
			targets = (
				E0783BA42A59553C002E3520 /* CarGame */,
			);
		};
/* End PBXProject section */

/* Begin PBXResourcesBuildPhase section */
		E0783BA32A59553C002E3520 /* Resources */ = {
			isa = PBXResourcesBuildPhase;
			buildActionMask = 2147483647;
			files = (
				E0783BB52A59553D002E3520 /* LaunchScreen.storyboard in Resources */,
				E0783BB22A59553D002E3520 /* Assets.xcassets in Resources */,
				E013E1AE2A88FA2600433823 /* BrahmsGotischCyr.otf in Resources */,
				E024C9862A67167100899B2A /* Jmurki.mp3 in Resources */,
				E024C9842A67167100899B2A /* Hotline.mp3 in Resources */,
				E024C9832A67167100899B2A /* FINAL.mp3 in Resources */,
				E024C9852A67167100899B2A /* NFS.mp3 in Resources */,
				E022857F2A63E1CC00AAD657 /* audi.mp3 in Resources */,
				E02285812A63E4C600AAD657 /* main.mp3 in Resources */,
			);
			runOnlyForDeploymentPostprocessing = 0;
		};
/* End PBXResourcesBuildPhase section */

/* Begin PBXSourcesBuildPhase section */
		E0783BA12A59553C002E3520 /* Sources */ = {
			isa = PBXSourcesBuildPhase;
			buildActionMask = 2147483647;
			files = (
				E0783BAD2A59553C002E3520 /* MainViewController.swift in Sources */,
				E0783BA92A59553C002E3520 /* AppDelegate.swift in Sources */,
				E0783BAB2A59553C002E3520 /* SceneDelegate.swift in Sources */,
				E0783BCB2A59B473002E3520 /* SwitchCell.swift in Sources */,
				E094F11A2A62CE65005D860E /* GameViewController.swift in Sources */,
				E039861D2A5C6926007A98B1 /* SettingsManager.swift in Sources */,
				E058DE6D2A76A5B500AF85CF /* ProfileViewController.swift in Sources */,
				E0508F582A6AF847005D6BEB /* StatisticsManager.swift in Sources */,
				E0783BC62A5976A0002E3520 /* StatisticsCell.swift in Sources */,
				E0783BC42A59697B002E3520 /* StatisticsViewController.swift in Sources */,
				E0783BC92A59A5CC002E3520 /* SettingsViewController.swift in Sources */,
			);
			runOnlyForDeploymentPostprocessing = 0;
		};
/* End PBXSourcesBuildPhase section */

/* Begin PBXVariantGroup section */
		E0783BB32A59553D002E3520 /* LaunchScreen.storyboard */ = {
			isa = PBXVariantGroup;
			children = (
				E0783BB42A59553D002E3520 /* Base */,
				E02285832A63F64900AAD657 /* ru */,
			);
			name = LaunchScreen.storyboard;
			sourceTree = "<group>";
		};
/* End PBXVariantGroup section */

/* Begin XCBuildConfiguration section */
		E0783BB72A59553D002E3520 /* Debug */ = {
			isa = XCBuildConfiguration;
			buildSettings = {
				ALWAYS_SEARCH_USER_PATHS = NO;
				CLANG_ANALYZER_LOCALIZABILITY_NONLOCALIZED = YES;
				CLANG_ANALYZER_NONNULL = YES;
				CLANG_ANALYZER_NUMBER_OBJECT_CONVERSION = YES_AGGRESSIVE;
				CLANG_CXX_LANGUAGE_STANDARD = "gnu++20";
				CLANG_ENABLE_MODULES = YES;
				CLANG_ENABLE_OBJC_ARC = YES;
				CLANG_ENABLE_OBJC_WEAK = YES;
				CLANG_WARN_BLOCK_CAPTURE_AUTORELEASING = YES;
				CLANG_WARN_BOOL_CONVERSION = YES;
				CLANG_WARN_COMMA = YES;
				CLANG_WARN_CONSTANT_CONVERSION = YES;
				CLANG_WARN_DEPRECATED_OBJC_IMPLEMENTATIONS = YES;
				CLANG_WARN_DIRECT_OBJC_ISA_USAGE = YES_ERROR;
				CLANG_WARN_DOCUMENTATION_COMMENTS = YES;
				CLANG_WARN_EMPTY_BODY = YES;
				CLANG_WARN_ENUM_CONVERSION = YES;
				CLANG_WARN_INFINITE_RECURSION = YES;
				CLANG_WARN_INT_CONVERSION = YES;
				CLANG_WARN_NON_LITERAL_NULL_CONVERSION = YES;
				CLANG_WARN_OBJC_IMPLICIT_RETAIN_SELF = YES;
				CLANG_WARN_OBJC_LITERAL_CONVERSION = YES;
				CLANG_WARN_OBJC_ROOT_CLASS = YES_ERROR;
				CLANG_WARN_QUOTED_INCLUDE_IN_FRAMEWORK_HEADER = YES;
				CLANG_WARN_RANGE_LOOP_ANALYSIS = YES;
				CLANG_WARN_STRICT_PROTOTYPES = YES;
				CLANG_WARN_SUSPICIOUS_MOVE = YES;
				CLANG_WARN_UNGUARDED_AVAILABILITY = YES_AGGRESSIVE;
				CLANG_WARN_UNREACHABLE_CODE = YES;
				CLANG_WARN__DUPLICATE_METHOD_MATCH = YES;
				COPY_PHASE_STRIP = NO;
				DEBUG_INFORMATION_FORMAT = dwarf;
				ENABLE_STRICT_OBJC_MSGSEND = YES;
				ENABLE_TESTABILITY = YES;
				GCC_C_LANGUAGE_STANDARD = gnu11;
				GCC_DYNAMIC_NO_PIC = NO;
				GCC_NO_COMMON_BLOCKS = YES;
				GCC_OPTIMIZATION_LEVEL = 0;
				GCC_PREPROCESSOR_DEFINITIONS = (
					"DEBUG=1",
					"$(inherited)",
				);
				GCC_WARN_64_TO_32_BIT_CONVERSION = YES;
				GCC_WARN_ABOUT_RETURN_TYPE = YES_ERROR;
				GCC_WARN_UNDECLARED_SELECTOR = YES;
				GCC_WARN_UNINITIALIZED_AUTOS = YES_AGGRESSIVE;
				GCC_WARN_UNUSED_FUNCTION = YES;
				GCC_WARN_UNUSED_VARIABLE = YES;
				IPHONEOS_DEPLOYMENT_TARGET = 16.4;
				MTL_ENABLE_DEBUG_INFO = INCLUDE_SOURCE;
				MTL_FAST_MATH = YES;
				ONLY_ACTIVE_ARCH = YES;
				SDKROOT = iphoneos;
				SWIFT_ACTIVE_COMPILATION_CONDITIONS = DEBUG;
				SWIFT_OPTIMIZATION_LEVEL = "-Onone";
			};
			name = Debug;
		};
		E0783BB82A59553D002E3520 /* Release */ = {
			isa = XCBuildConfiguration;
			buildSettings = {
				ALWAYS_SEARCH_USER_PATHS = NO;
				CLANG_ANALYZER_LOCALIZABILITY_NONLOCALIZED = YES;
				CLANG_ANALYZER_NONNULL = YES;
				CLANG_ANALYZER_NUMBER_OBJECT_CONVERSION = YES_AGGRESSIVE;
				CLANG_CXX_LANGUAGE_STANDARD = "gnu++20";
				CLANG_ENABLE_MODULES = YES;
				CLANG_ENABLE_OBJC_ARC = YES;
				CLANG_ENABLE_OBJC_WEAK = YES;
				CLANG_WARN_BLOCK_CAPTURE_AUTORELEASING = YES;
				CLANG_WARN_BOOL_CONVERSION = YES;
				CLANG_WARN_COMMA = YES;
				CLANG_WARN_CONSTANT_CONVERSION = YES;
				CLANG_WARN_DEPRECATED_OBJC_IMPLEMENTATIONS = YES;
				CLANG_WARN_DIRECT_OBJC_ISA_USAGE = YES_ERROR;
				CLANG_WARN_DOCUMENTATION_COMMENTS = YES;
				CLANG_WARN_EMPTY_BODY = YES;
				CLANG_WARN_ENUM_CONVERSION = YES;
				CLANG_WARN_INFINITE_RECURSION = YES;
				CLANG_WARN_INT_CONVERSION = YES;
				CLANG_WARN_NON_LITERAL_NULL_CONVERSION = YES;
				CLANG_WARN_OBJC_IMPLICIT_RETAIN_SELF = YES;
				CLANG_WARN_OBJC_LITERAL_CONVERSION = YES;
				CLANG_WARN_OBJC_ROOT_CLASS = YES_ERROR;
				CLANG_WARN_QUOTED_INCLUDE_IN_FRAMEWORK_HEADER = YES;
				CLANG_WARN_RANGE_LOOP_ANALYSIS = YES;
				CLANG_WARN_STRICT_PROTOTYPES = YES;
				CLANG_WARN_SUSPICIOUS_MOVE = YES;
				CLANG_WARN_UNGUARDED_AVAILABILITY = YES_AGGRESSIVE;
				CLANG_WARN_UNREACHABLE_CODE = YES;
				CLANG_WARN__DUPLICATE_METHOD_MATCH = YES;
				COPY_PHASE_STRIP = NO;
				DEBUG_INFORMATION_FORMAT = "dwarf-with-dsym";
				ENABLE_NS_ASSERTIONS = NO;
				ENABLE_STRICT_OBJC_MSGSEND = YES;
				GCC_C_LANGUAGE_STANDARD = gnu11;
				GCC_NO_COMMON_BLOCKS = YES;
				GCC_WARN_64_TO_32_BIT_CONVERSION = YES;
				GCC_WARN_ABOUT_RETURN_TYPE = YES_ERROR;
				GCC_WARN_UNDECLARED_SELECTOR = YES;
				GCC_WARN_UNINITIALIZED_AUTOS = YES_AGGRESSIVE;
				GCC_WARN_UNUSED_FUNCTION = YES;
				GCC_WARN_UNUSED_VARIABLE = YES;
				IPHONEOS_DEPLOYMENT_TARGET = 16.4;
				MTL_ENABLE_DEBUG_INFO = NO;
				MTL_FAST_MATH = YES;
				SDKROOT = iphoneos;
				SWIFT_COMPILATION_MODE = wholemodule;
				SWIFT_OPTIMIZATION_LEVEL = "-O";
				VALIDATE_PRODUCT = YES;
			};
			name = Release;
		};
		E0783BBA2A59553D002E3520 /* Debug */ = {
			isa = XCBuildConfiguration;
			buildSettings = {
				ASSETCATALOG_COMPILER_APPICON_NAME = AppIcon;
				ASSETCATALOG_COMPILER_GLOBAL_ACCENT_COLOR_NAME = AccentColor;
				CODE_SIGN_STYLE = Automatic;
				CURRENT_PROJECT_VERSION = 1;
				DEVELOPMENT_TEAM = R5UJ7728P5;
				GENERATE_INFOPLIST_FILE = YES;
				INFOPLIST_FILE = CarGame/Res/Info.plist;
				INFOPLIST_KEY_UIApplicationSupportsIndirectInputEvents = YES;
				INFOPLIST_KEY_UILaunchStoryboardName = LaunchScreen;
				INFOPLIST_KEY_UIStatusBarHidden = NO;
				INFOPLIST_KEY_UISupportedInterfaceOrientations = UIInterfaceOrientationPortrait;
				INFOPLIST_KEY_UISupportedInterfaceOrientations_iPad = "UIInterfaceOrientationLandscapeLeft UIInterfaceOrientationLandscapeRight UIInterfaceOrientationPortrait UIInterfaceOrientationPortraitUpsideDown";
				LD_RUNPATH_SEARCH_PATHS = (
					"$(inherited)",
					"@executable_path/Frameworks",
				);
				MARKETING_VERSION = 1.0;
				PRODUCT_BUNDLE_IDENTIFIER = chernyshartyom.CarGame;
				PRODUCT_NAME = "$(TARGET_NAME)";
				SUPPORTED_PLATFORMS = "iphoneos iphonesimulator";
				SUPPORTS_MACCATALYST = NO;
				SUPPORTS_MAC_DESIGNED_FOR_IPHONE_IPAD = NO;
				SWIFT_EMIT_LOC_STRINGS = YES;
				SWIFT_VERSION = 5.0;
				TARGETED_DEVICE_FAMILY = 1;
			};
			name = Debug;
		};
		E0783BBB2A59553D002E3520 /* Release */ = {
			isa = XCBuildConfiguration;
			buildSettings = {
				ASSETCATALOG_COMPILER_APPICON_NAME = AppIcon;
				ASSETCATALOG_COMPILER_GLOBAL_ACCENT_COLOR_NAME = AccentColor;
				CODE_SIGN_STYLE = Automatic;
				CURRENT_PROJECT_VERSION = 1;
				DEVELOPMENT_TEAM = R5UJ7728P5;
				GENERATE_INFOPLIST_FILE = YES;
				INFOPLIST_FILE = CarGame/Res/Info.plist;
				INFOPLIST_KEY_UIApplicationSupportsIndirectInputEvents = YES;
				INFOPLIST_KEY_UILaunchStoryboardName = LaunchScreen;
				INFOPLIST_KEY_UIStatusBarHidden = NO;
				INFOPLIST_KEY_UISupportedInterfaceOrientations = UIInterfaceOrientationPortrait;
				INFOPLIST_KEY_UISupportedInterfaceOrientations_iPad = "UIInterfaceOrientationLandscapeLeft UIInterfaceOrientationLandscapeRight UIInterfaceOrientationPortrait UIInterfaceOrientationPortraitUpsideDown";
				LD_RUNPATH_SEARCH_PATHS = (
					"$(inherited)",
					"@executable_path/Frameworks",
				);
				MARKETING_VERSION = 1.0;
				PRODUCT_BUNDLE_IDENTIFIER = chernyshartyom.CarGame;
				PRODUCT_NAME = "$(TARGET_NAME)";
				SUPPORTED_PLATFORMS = "iphoneos iphonesimulator";
				SUPPORTS_MACCATALYST = NO;
				SUPPORTS_MAC_DESIGNED_FOR_IPHONE_IPAD = NO;
				SWIFT_EMIT_LOC_STRINGS = YES;
				SWIFT_VERSION = 5.0;
				TARGETED_DEVICE_FAMILY = 1;
			};
			name = Release;
		};
/* End XCBuildConfiguration section */

/* Begin XCConfigurationList section */
		E0783BA02A59553C002E3520 /* Build configuration list for PBXProject "CarGame" */ = {
			isa = XCConfigurationList;
			buildConfigurations = (
				E0783BB72A59553D002E3520 /* Debug */,
				E0783BB82A59553D002E3520 /* Release */,
			);
			defaultConfigurationIsVisible = 0;
			defaultConfigurationName = Release;
		};
		E0783BB92A59553D002E3520 /* Build configuration list for PBXNativeTarget "CarGame" */ = {
			isa = XCConfigurationList;
			buildConfigurations = (
				E0783BBA2A59553D002E3520 /* Debug */,
				E0783BBB2A59553D002E3520 /* Release */,
			);
			defaultConfigurationIsVisible = 0;
			defaultConfigurationName = Release;
		};
/* End XCConfigurationList section */

/* Begin XCRemoteSwiftPackageReference section */
		E0783BBC2A595574002E3520 /* XCRemoteSwiftPackageReference "SnapKit" */ = {
			isa = XCRemoteSwiftPackageReference;
			repositoryURL = "https://github.com/SnapKit/SnapKit";
			requirement = {
				kind = upToNextMajorVersion;
				minimumVersion = 5.0.0;
			};
		};
/* End XCRemoteSwiftPackageReference section */

/* Begin XCSwiftPackageProductDependency section */
		E0783BBD2A595574002E3520 /* SnapKit */ = {
			isa = XCSwiftPackageProductDependency;
			package = E0783BBC2A595574002E3520 /* XCRemoteSwiftPackageReference "SnapKit" */;
			productName = SnapKit;
		};
/* End XCSwiftPackageProductDependency section */
	};
	rootObject = E0783B9D2A59553C002E3520 /* Project object */;
}
